
Microsoft Visual Studio Solution File, Format Version 12.00
# Visual Studio 15
VisualStudioVersion = 15.0.28307.1831
MinimumVisualStudioVersion = 10.0.40219.1
Project("{FAE04EC0-301F-11D3-BF4B-00C04F79EFBC}") = "TSystems_While3NestedLoop", "TSystems_While3NestedLoop\TSystems_While3NestedLoop.csproj", "{D2C150F4-3308-499A-A0A7-2AC89067AE9D}"
EndProject
Global
	GlobalSection(SolutionConfigurationPlatforms) = preSolution
		Debug|Any CPU = Debug|Any CPU
		Release|Any CPU = Release|Any CPU
	EndGlobalSection
	GlobalSection(ProjectConfigurationPlatforms) = postSolution
		{D2C150F4-3308-499A-A0A7-2AC89067AE9D}.Debug|Any CPU.ActiveCfg = Debug|Any CPU
		{D2C150F4-3308-499A-A0A7-2AC89067AE9D}.Debug|Any CPU.Build.0 = Debug|Any CPU
		{D2C150F4-3308-499A-A0A7-2AC89067AE9D}.Release|Any CPU.ActiveCfg = Release|Any CPU
		{D2C150F4-3308-499A-A0A7-2AC89067AE9D}.Release|Any CPU.Build.0 = Release|Any CPU
	EndGlobalSection
	GlobalSection(SolutionProperties) = preSolution
		HideSolutionNode = FALSE
	EndGlobalSection
	GlobalSection(ExtensibilityGlobals) = postSolution
		SolutionGuid = {D7E56191-5262-4342-9A3A-419DC031286C}
	EndGlobalSection
EndGlobal
